
Microsoft Visual Studio Solution File, Format Version 12.00
# Visual Studio Version 17
VisualStudioVersion = 17.9.34607.119
MinimumVisualStudioVersion = 10.0.40219.1
Project("{FAE04EC0-301F-11D3-BF4B-00C04F79EFBC}") = "C#2.1", "C#2.1\C#2.1.csproj", "{4ADB0E8C-6902-4F36-A450-341EC8AE703E}"
EndProject
Global
	GlobalSection(SolutionConfigurationPlatforms) = preSolution
		Debug|Any CPU = Debug|Any CPU
		Release|Any CPU = Release|Any CPU
	EndGlobalSection
	GlobalSection(ProjectConfigurationPlatforms) = postSolution
		{4ADB0E8C-6902-4F36-A450-341EC8AE703E}.Debug|Any CPU.ActiveCfg = Debug|Any CPU
		{4ADB0E8C-6902-4F36-A450-341EC8AE703E}.Debug|Any CPU.Build.0 = Debug|Any CPU
		{4ADB0E8C-6902-4F36-A450-341EC8AE703E}.Release|Any CPU.ActiveCfg = Release|Any CPU
		{4ADB0E8C-6902-4F36-A450-341EC8AE703E}.Release|Any CPU.Build.0 = Release|Any CPU
	EndGlobalSection
	GlobalSection(SolutionProperties) = preSolution
		HideSolutionNode = FALSE
	EndGlobalSection
	GlobalSection(ExtensibilityGlobals) = postSolution
		SolutionGuid = {34E182CC-3BD6-4DC9-AB1B-ECD7ED128B93}
	EndGlobalSection
EndGlobal
